
Microsoft Visual Studio Solution File, Format Version 12.00
Project("{FAE04EC0-301F-11D3-BF4B-00C04F79EFBC}") = "OOP2Tutorial-4", "OOP2Tutorial-4\OOP2Tutorial-4.csproj", "{6B7592E0-ABB9-4B00-8434-DB6DA94640AD}"
EndProject
Global
	GlobalSection(SolutionConfigurationPlatforms) = preSolution
		Debug|Any CPU = Debug|Any CPU
		Release|Any CPU = Release|Any CPU
	EndGlobalSection
	GlobalSection(ProjectConfigurationPlatforms) = postSolution
		{6B7592E0-ABB9-4B00-8434-DB6DA94640AD}.Debug|Any CPU.ActiveCfg = Debug|Any CPU
		{6B7592E0-ABB9-4B00-8434-DB6DA94640AD}.Debug|Any CPU.Build.0 = Debug|Any CPU
		{6B7592E0-ABB9-4B00-8434-DB6DA94640AD}.Release|Any CPU.ActiveCfg = Release|Any CPU
		{6B7592E0-ABB9-4B00-8434-DB6DA94640AD}.Release|Any CPU.Build.0 = Release|Any CPU
	EndGlobalSection
EndGlobal
